// !$*UTF8*$!
{
	archiveVersion = 1;
	classes = {
	};
	objectVersion = 56;
	objects = {

/* Begin PBXBuildFile section */
		180B1D7D2AC8307B0053CB7A /* Constants.swift in Sources */ = {isa = PBXBuildFile; fileRef = 180B1D7C2AC8307B0053CB7A /* Constants.swift */; };
		180B1D7F2AC831430053CB7A /* WeatherModel.swift in Sources */ = {isa = PBXBuildFile; fileRef = 180B1D7E2AC831430053CB7A /* WeatherModel.swift */; };
		1851EDAD2ACD723E0016EFAD /* modelData2.json in Resources */ = {isa = PBXBuildFile; fileRef = 1851EDAC2ACD723E0016EFAD /* modelData2.json */; };
		1865415A2AC4044D009BCE0F /* WeatherAppApp.swift in Sources */ = {isa = PBXBuildFile; fileRef = 186541592AC4044D009BCE0F /* WeatherAppApp.swift */; };
		1865415C2AC4044D009BCE0F /* HomeWeather.swift in Sources */ = {isa = PBXBuildFile; fileRef = 1865415B2AC4044D009BCE0F /* HomeWeather.swift */; };
		1865415E2AC4044F009BCE0F /* Assets.xcassets in Resources */ = {isa = PBXBuildFile; fileRef = 1865415D2AC4044F009BCE0F /* Assets.xcassets */; };
		186541612AC4044F009BCE0F /* Preview Assets.xcassets in Resources */ = {isa = PBXBuildFile; fileRef = 186541602AC4044F009BCE0F /* Preview Assets.xcassets */; };
		1865416A2AC43453009BCE0F /* DetailedWeatherView.swift in Sources */ = {isa = PBXBuildFile; fileRef = 186541692AC43453009BCE0F /* DetailedWeatherView.swift */; };
		187A85912AC55BA80025338C /* Model.xcdatamodeld in Sources */ = {isa = PBXBuildFile; fileRef = 187A858F2AC55BA80025338C /* Model.xcdatamodeld */; };
		1881DF302ACC282B00DB3745 /* LocalStore.swift in Sources */ = {isa = PBXBuildFile; fileRef = 1881DF2F2ACC282B00DB3745 /* LocalStore.swift */; };
		1881DF322ACC283900DB3745 /* RemoteStore.swift in Sources */ = {isa = PBXBuildFile; fileRef = 1881DF312ACC283900DB3745 /* RemoteStore.swift */; };
		1881DF342ACC284600DB3745 /* StoreManager.swift in Sources */ = {isa = PBXBuildFile; fileRef = 1881DF332ACC284600DB3745 /* StoreManager.swift */; };
		1881DF372ACC28AC00DB3745 /* StoreConfigurations.swift in Sources */ = {isa = PBXBuildFile; fileRef = 1881DF362ACC28AC00DB3745 /* StoreConfigurations.swift */; };
		1881DF3A2ACC38FD00DB3745 /* modelData.json in Resources */ = {isa = PBXBuildFile; fileRef = 1881DF392ACC38FD00DB3745 /* modelData.json */; };
		18ED8EF92ACE97C1005C61D6 /* modelData3.json in Resources */ = {isa = PBXBuildFile; fileRef = 18ED8EF82ACE97C1005C61D6 /* modelData3.json */; };
		18ED8EFB2ACEB449005C61D6 /* APIManager.swift in Sources */ = {isa = PBXBuildFile; fileRef = 18ED8EFA2ACEB449005C61D6 /* APIManager.swift */; };
		18ED8F082ACEE8BE005C61D6 /* DataManager.swift in Sources */ = {isa = PBXBuildFile; fileRef = 18ED8F072ACEE8BE005C61D6 /* DataManager.swift */; };
		18ED8F0A2ACEE900005C61D6 /* AppDelegate.swift in Sources */ = {isa = PBXBuildFile; fileRef = 18ED8F092ACEE900005C61D6 /* AppDelegate.swift */; };
		18FAC2FF2ACD4D560052058D /* Network.swift in Sources */ = {isa = PBXBuildFile; fileRef = 18FAC2FE2ACD4D560052058D /* Network.swift */; };
		2053A8120C084323A27BECA1 /* Pods_WeatherApp.framework in Frameworks */ = {isa = PBXBuildFile; fileRef = CFE6CA940F6F92087D1120DC /* Pods_WeatherApp.framework */; };
/* End PBXBuildFile section */

/* Begin PBXFileReference section */
		180B1D7C2AC8307B0053CB7A /* Constants.swift */ = {isa = PBXFileReference; lastKnownFileType = sourcecode.swift; path = Constants.swift; sourceTree = "<group>"; };
		180B1D7E2AC831430053CB7A /* WeatherModel.swift */ = {isa = PBXFileReference; lastKnownFileType = sourcecode.swift; path = WeatherModel.swift; sourceTree = "<group>"; };
		1851EDAC2ACD723E0016EFAD /* modelData2.json */ = {isa = PBXFileReference; lastKnownFileType = text.json; path = modelData2.json; sourceTree = "<group>"; };
		1851EDAE2ACD93660016EFAD /* WeatherModelEntity+CoreDataClass.swift */ = {isa = PBXFileReference; lastKnownFileType = sourcecode.swift; path = "WeatherModelEntity+CoreDataClass.swift"; sourceTree = "<group>"; };
		1851EDAF2ACD93660016EFAD /* WeatherModelEntity+CoreDataProperties.swift */ = {isa = PBXFileReference; lastKnownFileType = sourcecode.swift; path = "WeatherModelEntity+CoreDataProperties.swift"; sourceTree = "<group>"; };
		1851EDB02ACD93660016EFAD /* WindEntity+CoreDataClass.swift */ = {isa = PBXFileReference; lastKnownFileType = sourcecode.swift; path = "WindEntity+CoreDataClass.swift"; sourceTree = "<group>"; };
		1851EDB12ACD93660016EFAD /* WindEntity+CoreDataProperties.swift */ = {isa = PBXFileReference; lastKnownFileType = sourcecode.swift; path = "WindEntity+CoreDataProperties.swift"; sourceTree = "<group>"; };
		1851EDB22ACD93660016EFAD /* WeatherEntity+CoreDataClass.swift */ = {isa = PBXFileReference; lastKnownFileType = sourcecode.swift; path = "WeatherEntity+CoreDataClass.swift"; sourceTree = "<group>"; };
		1851EDB32ACD93660016EFAD /* WeatherEntity+CoreDataProperties.swift */ = {isa = PBXFileReference; lastKnownFileType = sourcecode.swift; path = "WeatherEntity+CoreDataProperties.swift"; sourceTree = "<group>"; };
		1851EDB42ACD93660016EFAD /* CityEntity+CoreDataClass.swift */ = {isa = PBXFileReference; lastKnownFileType = sourcecode.swift; path = "CityEntity+CoreDataClass.swift"; sourceTree = "<group>"; };
		1851EDB52ACD93660016EFAD /* CityEntity+CoreDataProperties.swift */ = {isa = PBXFileReference; lastKnownFileType = sourcecode.swift; path = "CityEntity+CoreDataProperties.swift"; sourceTree = "<group>"; };
		1851EDB62ACD93660016EFAD /* ListEntity+CoreDataClass.swift */ = {isa = PBXFileReference; lastKnownFileType = sourcecode.swift; path = "ListEntity+CoreDataClass.swift"; sourceTree = "<group>"; };
		1851EDB72ACD93660016EFAD /* ListEntity+CoreDataProperties.swift */ = {isa = PBXFileReference; lastKnownFileType = sourcecode.swift; path = "ListEntity+CoreDataProperties.swift"; sourceTree = "<group>"; };
		1851EDB82ACD93660016EFAD /* MainEntity+CoreDataClass.swift */ = {isa = PBXFileReference; lastKnownFileType = sourcecode.swift; path = "MainEntity+CoreDataClass.swift"; sourceTree = "<group>"; };
		1851EDB92ACD93660016EFAD /* MainEntity+CoreDataProperties.swift */ = {isa = PBXFileReference; lastKnownFileType = sourcecode.swift; path = "MainEntity+CoreDataProperties.swift"; sourceTree = "<group>"; };
		1851EDBA2ACD93660016EFAD /* CloudsEntity+CoreDataClass.swift */ = {isa = PBXFileReference; lastKnownFileType = sourcecode.swift; path = "CloudsEntity+CoreDataClass.swift"; sourceTree = "<group>"; };
		1851EDBB2ACD93660016EFAD /* CloudsEntity+CoreDataProperties.swift */ = {isa = PBXFileReference; lastKnownFileType = sourcecode.swift; path = "CloudsEntity+CoreDataProperties.swift"; sourceTree = "<group>"; };
		1851EDBC2ACD93660016EFAD /* SysEntity+CoreDataClass.swift */ = {isa = PBXFileReference; lastKnownFileType = sourcecode.swift; path = "SysEntity+CoreDataClass.swift"; sourceTree = "<group>"; };
		1851EDBD2ACD93660016EFAD /* SysEntity+CoreDataProperties.swift */ = {isa = PBXFileReference; lastKnownFileType = sourcecode.swift; path = "SysEntity+CoreDataProperties.swift"; sourceTree = "<group>"; };
		1851EDBE2ACD93660016EFAD /* HourlyWeatherEntity+CoreDataClass.swift */ = {isa = PBXFileReference; lastKnownFileType = sourcecode.swift; path = "HourlyWeatherEntity+CoreDataClass.swift"; sourceTree = "<group>"; };
		1851EDBF2ACD93660016EFAD /* HourlyWeatherEntity+CoreDataProperties.swift */ = {isa = PBXFileReference; lastKnownFileType = sourcecode.swift; path = "HourlyWeatherEntity+CoreDataProperties.swift"; sourceTree = "<group>"; };
		1851EDC02ACD93660016EFAD /* DailyWeatherEntity+CoreDataClass.swift */ = {isa = PBXFileReference; lastKnownFileType = sourcecode.swift; path = "DailyWeatherEntity+CoreDataClass.swift"; sourceTree = "<group>"; };
		1851EDC12ACD93660016EFAD /* DailyWeatherEntity+CoreDataProperties.swift */ = {isa = PBXFileReference; lastKnownFileType = sourcecode.swift; path = "DailyWeatherEntity+CoreDataProperties.swift"; sourceTree = "<group>"; };
		186541562AC4044D009BCE0F /* WeatherApp.app */ = {isa = PBXFileReference; explicitFileType = wrapper.application; includeInIndex = 0; path = WeatherApp.app; sourceTree = BUILT_PRODUCTS_DIR; };
		186541592AC4044D009BCE0F /* WeatherAppApp.swift */ = {isa = PBXFileReference; lastKnownFileType = sourcecode.swift; path = WeatherAppApp.swift; sourceTree = "<group>"; };
		1865415B2AC4044D009BCE0F /* HomeWeather.swift */ = {isa = PBXFileReference; lastKnownFileType = sourcecode.swift; path = HomeWeather.swift; sourceTree = "<group>"; };
		1865415D2AC4044F009BCE0F /* Assets.xcassets */ = {isa = PBXFileReference; lastKnownFileType = folder.assetcatalog; path = Assets.xcassets; sourceTree = "<group>"; };
		186541602AC4044F009BCE0F /* Preview Assets.xcassets */ = {isa = PBXFileReference; lastKnownFileType = folder.assetcatalog; path = "Preview Assets.xcassets"; sourceTree = "<group>"; };
		186541692AC43453009BCE0F /* DetailedWeatherView.swift */ = {isa = PBXFileReference; lastKnownFileType = sourcecode.swift; path = DetailedWeatherView.swift; sourceTree = "<group>"; };
		187A85902AC55BA80025338C /* Model.xcdatamodel */ = {isa = PBXFileReference; lastKnownFileType = wrapper.xcdatamodel; path = Model.xcdatamodel; sourceTree = "<group>"; };
		1881DF2F2ACC282B00DB3745 /* LocalStore.swift */ = {isa = PBXFileReference; lastKnownFileType = sourcecode.swift; path = LocalStore.swift; sourceTree = "<group>"; };
		1881DF312ACC283900DB3745 /* RemoteStore.swift */ = {isa = PBXFileReference; lastKnownFileType = sourcecode.swift; path = RemoteStore.swift; sourceTree = "<group>"; };
		1881DF332ACC284600DB3745 /* StoreManager.swift */ = {isa = PBXFileReference; lastKnownFileType = sourcecode.swift; path = StoreManager.swift; sourceTree = "<group>"; };
		1881DF362ACC28AC00DB3745 /* StoreConfigurations.swift */ = {isa = PBXFileReference; lastKnownFileType = sourcecode.swift; path = StoreConfigurations.swift; sourceTree = "<group>"; };
		1881DF392ACC38FD00DB3745 /* modelData.json */ = {isa = PBXFileReference; lastKnownFileType = text.json; path = modelData.json; sourceTree = "<group>"; };
		18ED8EF82ACE97C1005C61D6 /* modelData3.json */ = {isa = PBXFileReference; lastKnownFileType = text.json; path = modelData3.json; sourceTree = "<group>"; };
		18ED8EFA2ACEB449005C61D6 /* APIManager.swift */ = {isa = PBXFileReference; lastKnownFileType = sourcecode.swift; path = APIManager.swift; sourceTree = "<group>"; };
		18ED8F072ACEE8BE005C61D6 /* DataManager.swift */ = {isa = PBXFileReference; lastKnownFileType = sourcecode.swift; path = DataManager.swift; sourceTree = "<group>"; };
		18ED8F092ACEE900005C61D6 /* AppDelegate.swift */ = {isa = PBXFileReference; lastKnownFileType = sourcecode.swift; path = AppDelegate.swift; sourceTree = "<group>"; };
		18FAC2FE2ACD4D560052058D /* Network.swift */ = {isa = PBXFileReference; lastKnownFileType = sourcecode.swift; path = Network.swift; sourceTree = "<group>"; };
		804922FE77FC252A4CE56F00 /* Pods-WeatherApp.debug.xcconfig */ = {isa = PBXFileReference; includeInIndex = 1; lastKnownFileType = text.xcconfig; name = "Pods-WeatherApp.debug.xcconfig"; path = "Target Support Files/Pods-WeatherApp/Pods-WeatherApp.debug.xcconfig"; sourceTree = "<group>"; };
		CFE6CA940F6F92087D1120DC /* Pods_WeatherApp.framework */ = {isa = PBXFileReference; explicitFileType = wrapper.framework; includeInIndex = 0; path = Pods_WeatherApp.framework; sourceTree = BUILT_PRODUCTS_DIR; };
		EC57BD15C20A021CC4ED18B8 /* Pods-WeatherApp.release.xcconfig */ = {isa = PBXFileReference; includeInIndex = 1; lastKnownFileType = text.xcconfig; name = "Pods-WeatherApp.release.xcconfig"; path = "Target Support Files/Pods-WeatherApp/Pods-WeatherApp.release.xcconfig"; sourceTree = "<group>"; };
/* End PBXFileReference section */

/* Begin PBXFrameworksBuildPhase section */
		186541532AC4044D009BCE0F /* Frameworks */ = {
			isa = PBXFrameworksBuildPhase;
			buildActionMask = 2147483647;
			files = (
				2053A8120C084323A27BECA1 /* Pods_WeatherApp.framework in Frameworks */,
			);
			runOnlyForDeploymentPostprocessing = 0;
		};
/* End PBXFrameworksBuildPhase section */

/* Begin PBXGroup section */
		1333C6821BD277E3756CCA00 /* Pods */ = {
			isa = PBXGroup;
			children = (
				804922FE77FC252A4CE56F00 /* Pods-WeatherApp.debug.xcconfig */,
				EC57BD15C20A021CC4ED18B8 /* Pods-WeatherApp.release.xcconfig */,
			);
			path = Pods;
			sourceTree = "<group>";
		};
		1851EDD62ACD969F0016EFAD /* CoreData Classes */ = {
			isa = PBXGroup;
			children = (
				1851EDAE2ACD93660016EFAD /* WeatherModelEntity+CoreDataClass.swift */,
				1851EDB22ACD93660016EFAD /* WeatherEntity+CoreDataClass.swift */,
				1851EDB42ACD93660016EFAD /* CityEntity+CoreDataClass.swift */,
				1851EDB62ACD93660016EFAD /* ListEntity+CoreDataClass.swift */,
				1851EDB82ACD93660016EFAD /* MainEntity+CoreDataClass.swift */,
				1851EDBA2ACD93660016EFAD /* CloudsEntity+CoreDataClass.swift */,
				1851EDBC2ACD93660016EFAD /* SysEntity+CoreDataClass.swift */,
				1851EDBE2ACD93660016EFAD /* HourlyWeatherEntity+CoreDataClass.swift */,
				1851EDC02ACD93660016EFAD /* DailyWeatherEntity+CoreDataClass.swift */,
				1851EDB02ACD93660016EFAD /* WindEntity+CoreDataClass.swift */,
			);
			path = "CoreData Classes";
			sourceTree = "<group>";
		};
		1851EDD72ACD96B50016EFAD /* CoreData Properties */ = {
			isa = PBXGroup;
			children = (
				1851EDAF2ACD93660016EFAD /* WeatherModelEntity+CoreDataProperties.swift */,
				1851EDB32ACD93660016EFAD /* WeatherEntity+CoreDataProperties.swift */,
				1851EDB12ACD93660016EFAD /* WindEntity+CoreDataProperties.swift */,
				1851EDB72ACD93660016EFAD /* ListEntity+CoreDataProperties.swift */,
				1851EDBB2ACD93660016EFAD /* CloudsEntity+CoreDataProperties.swift */,
				1851EDBF2ACD93660016EFAD /* HourlyWeatherEntity+CoreDataProperties.swift */,
				1851EDB92ACD93660016EFAD /* MainEntity+CoreDataProperties.swift */,
				1851EDC12ACD93660016EFAD /* DailyWeatherEntity+CoreDataProperties.swift */,
				1851EDBD2ACD93660016EFAD /* SysEntity+CoreDataProperties.swift */,
				1851EDB52ACD93660016EFAD /* CityEntity+CoreDataProperties.swift */,
			);
			path = "CoreData Properties";
			sourceTree = "<group>";
		};
		1865414D2AC4044D009BCE0F = {
			isa = PBXGroup;
			children = (
				1851EDD72ACD96B50016EFAD /* CoreData Properties */,
				1851EDD62ACD969F0016EFAD /* CoreData Classes */,
				187A858F2AC55BA80025338C /* Model.xcdatamodeld */,
				186541582AC4044D009BCE0F /* WeatherApp */,
				186541572AC4044D009BCE0F /* Products */,
				1333C6821BD277E3756CCA00 /* Pods */,
				593E1EB16E02DC7949A909AF /* Frameworks */,
			);
			sourceTree = "<group>";
		};
		186541572AC4044D009BCE0F /* Products */ = {
			isa = PBXGroup;
			children = (
				186541562AC4044D009BCE0F /* WeatherApp.app */,
			);
			name = Products;
			sourceTree = "<group>";
		};
		186541582AC4044D009BCE0F /* WeatherApp */ = {
			isa = PBXGroup;
			children = (
				18FAC2FD2ACD4D3F0052058D /* Networking */,
				1881DF352ACC289000DB3745 /* Configurations */,
				1881DF2E2ACC280800DB3745 /* StoreManager */,
				1881DF392ACC38FD00DB3745 /* modelData.json */,
				1851EDAC2ACD723E0016EFAD /* modelData2.json */,
				18ED8EF82ACE97C1005C61D6 /* modelData3.json */,
				1881DF2B2ACC270300DB3745 /* Models */,
				186541592AC4044D009BCE0F /* WeatherAppApp.swift */,
				180B1D7C2AC8307B0053CB7A /* Constants.swift */,
				1865415B2AC4044D009BCE0F /* HomeWeather.swift */,
				186541692AC43453009BCE0F /* DetailedWeatherView.swift */,
				1865415D2AC4044F009BCE0F /* Assets.xcassets */,
				1865415F2AC4044F009BCE0F /* Preview Content */,
				18ED8F072ACEE8BE005C61D6 /* DataManager.swift */,
				18ED8F092ACEE900005C61D6 /* AppDelegate.swift */,
			);
			path = WeatherApp;
			sourceTree = "<group>";
		};
		1865415F2AC4044F009BCE0F /* Preview Content */ = {
			isa = PBXGroup;
			children = (
				186541602AC4044F009BCE0F /* Preview Assets.xcassets */,
			);
			path = "Preview Content";
			sourceTree = "<group>";
		};
		1881DF2B2ACC270300DB3745 /* Models */ = {
			isa = PBXGroup;
			children = (
				180B1D7E2AC831430053CB7A /* WeatherModel.swift */,
			);
			path = Models;
			sourceTree = "<group>";
		};
		1881DF2E2ACC280800DB3745 /* StoreManager */ = {
			isa = PBXGroup;
			children = (
				1881DF332ACC284600DB3745 /* StoreManager.swift */,
				1881DF2F2ACC282B00DB3745 /* LocalStore.swift */,
				1881DF312ACC283900DB3745 /* RemoteStore.swift */,
				18ED8EFA2ACEB449005C61D6 /* APIManager.swift */,
			);
			path = StoreManager;
			sourceTree = "<group>";
		};
		1881DF352ACC289000DB3745 /* Configurations */ = {
			isa = PBXGroup;
			children = (
				1881DF362ACC28AC00DB3745 /* StoreConfigurations.swift */,
			);
			path = Configurations;
			sourceTree = "<group>";
		};
		18FAC2FD2ACD4D3F0052058D /* Networking */ = {
			isa = PBXGroup;
			children = (
				18FAC2FE2ACD4D560052058D /* Network.swift */,
			);
			path = Networking;
			sourceTree = "<group>";
		};
		593E1EB16E02DC7949A909AF /* Frameworks */ = {
			isa = PBXGroup;
			children = (
				CFE6CA940F6F92087D1120DC /* Pods_WeatherApp.framework */,
			);
			name = Frameworks;
			sourceTree = "<group>";
		};
/* End PBXGroup section */

/* Begin PBXNativeTarget section */
		186541552AC4044D009BCE0F /* WeatherApp */ = {
			isa = PBXNativeTarget;
			buildConfigurationList = 186541642AC4044F009BCE0F /* Build configuration list for PBXNativeTarget "WeatherApp" */;
			buildPhases = (
				E891F05F5C0D3F88F5732A07 /* [CP] Check Pods Manifest.lock */,
				186541522AC4044D009BCE0F /* Sources */,
				186541532AC4044D009BCE0F /* Frameworks */,
				186541542AC4044D009BCE0F /* Resources */,
				F7DF1EBE73B8CB7F899296A5 /* [CP] Embed Pods Frameworks */,
			);
			buildRules = (
			);
			dependencies = (
			);
			name = WeatherApp;
			productName = WeatherApp;
			productReference = 186541562AC4044D009BCE0F /* WeatherApp.app */;
			productType = "com.apple.product-type.application";
		};
/* End PBXNativeTarget section */

/* Begin PBXProject section */
		1865414E2AC4044D009BCE0F /* Project object */ = {
			isa = PBXProject;
			attributes = {
				BuildIndependentTargetsInParallel = 1;
				LastSwiftUpdateCheck = 1500;
				LastUpgradeCheck = 1500;
				TargetAttributes = {
					186541552AC4044D009BCE0F = {
						CreatedOnToolsVersion = 15.0;
					};
				};
			};
			buildConfigurationList = 186541512AC4044D009BCE0F /* Build configuration list for PBXProject "WeatherApp" */;
			compatibilityVersion = "Xcode 14.0";
			developmentRegion = en;
			hasScannedForEncodings = 0;
			knownRegions = (
				en,
				Base,
			);
			mainGroup = 1865414D2AC4044D009BCE0F;
			productRefGroup = 186541572AC4044D009BCE0F /* Products */;
			projectDirPath = "";
			projectRoot = "";
			targets = (
				186541552AC4044D009BCE0F /* WeatherApp */,
			);
		};
/* End PBXProject section */

/* Begin PBXResourcesBuildPhase section */
		186541542AC4044D009BCE0F /* Resources */ = {
			isa = PBXResourcesBuildPhase;
			buildActionMask = 2147483647;
			files = (
				1851EDAD2ACD723E0016EFAD /* modelData2.json in Resources */,
				18ED8EF92ACE97C1005C61D6 /* modelData3.json in Resources */,
				186541612AC4044F009BCE0F /* Preview Assets.xcassets in Resources */,
				1865415E2AC4044F009BCE0F /* Assets.xcassets in Resources */,
				1881DF3A2ACC38FD00DB3745 /* modelData.json in Resources */,
			);
			runOnlyForDeploymentPostprocessing = 0;
		};
/* End PBXResourcesBuildPhase section */

/* Begin PBXShellScriptBuildPhase section */
		E891F05F5C0D3F88F5732A07 /* [CP] Check Pods Manifest.lock */ = {
			isa = PBXShellScriptBuildPhase;
			buildActionMask = 2147483647;
			files = (
			);
			inputFileListPaths = (
			);
			inputPaths = (
				"${PODS_PODFILE_DIR_PATH}/Podfile.lock",
				"${PODS_ROOT}/Manifest.lock",
			);
			name = "[CP] Check Pods Manifest.lock";
			outputFileListPaths = (
			);
			outputPaths = (
				"$(DERIVED_FILE_DIR)/Pods-WeatherApp-checkManifestLockResult.txt",
			);
			runOnlyForDeploymentPostprocessing = 0;
			shellPath = /bin/sh;
			shellScript = "diff \"${PODS_PODFILE_DIR_PATH}/Podfile.lock\" \"${PODS_ROOT}/Manifest.lock\" > /dev/null\nif [ $? != 0 ] ; then\n    # print error to STDERR\n    echo \"error: The sandbox is not in sync with the Podfile.lock. Run 'pod install' or update your CocoaPods installation.\" >&2\n    exit 1\nfi\n# This output is used by Xcode 'outputs' to avoid re-running this script phase.\necho \"SUCCESS\" > \"${SCRIPT_OUTPUT_FILE_0}\"\n";
			showEnvVarsInLog = 0;
		};
		F7DF1EBE73B8CB7F899296A5 /* [CP] Embed Pods Frameworks */ = {
			isa = PBXShellScriptBuildPhase;
			buildActionMask = 2147483647;
			files = (
			);
			inputFileListPaths = (
				"${PODS_ROOT}/Target Support Files/Pods-WeatherApp/Pods-WeatherApp-frameworks-${CONFIGURATION}-input-files.xcfilelist",
			);
			name = "[CP] Embed Pods Frameworks";
			outputFileListPaths = (
				"${PODS_ROOT}/Target Support Files/Pods-WeatherApp/Pods-WeatherApp-frameworks-${CONFIGURATION}-output-files.xcfilelist",
			);
			runOnlyForDeploymentPostprocessing = 0;
			shellPath = /bin/sh;
			shellScript = "\"${PODS_ROOT}/Target Support Files/Pods-WeatherApp/Pods-WeatherApp-frameworks.sh\"\n";
			showEnvVarsInLog = 0;
		};
/* End PBXShellScriptBuildPhase section */

/* Begin PBXSourcesBuildPhase section */
		186541522AC4044D009BCE0F /* Sources */ = {
			isa = PBXSourcesBuildPhase;
			buildActionMask = 2147483647;
			files = (
				18ED8EFB2ACEB449005C61D6 /* APIManager.swift in Sources */,
				1865415C2AC4044D009BCE0F /* HomeWeather.swift in Sources */,
				187A85912AC55BA80025338C /* Model.xcdatamodeld in Sources */,
				1881DF322ACC283900DB3745 /* RemoteStore.swift in Sources */,
				18ED8F0A2ACEE900005C61D6 /* AppDelegate.swift in Sources */,
				1881DF372ACC28AC00DB3745 /* StoreConfigurations.swift in Sources */,
				1881DF302ACC282B00DB3745 /* LocalStore.swift in Sources */,
				18FAC2FF2ACD4D560052058D /* Network.swift in Sources */,
				180B1D7F2AC831430053CB7A /* WeatherModel.swift in Sources */,
				1865415A2AC4044D009BCE0F /* WeatherAppApp.swift in Sources */,
				1865416A2AC43453009BCE0F /* DetailedWeatherView.swift in Sources */,
				1881DF342ACC284600DB3745 /* StoreManager.swift in Sources */,
				18ED8F082ACEE8BE005C61D6 /* DataManager.swift in Sources */,
				180B1D7D2AC8307B0053CB7A /* Constants.swift in Sources */,
			);
			runOnlyForDeploymentPostprocessing = 0;
		};
/* End PBXSourcesBuildPhase section */

/* Begin XCBuildConfiguration section */
		186541622AC4044F009BCE0F /* Debug */ = {
			isa = XCBuildConfiguration;
			buildSettings = {
				ALWAYS_SEARCH_USER_PATHS = NO;
				ASSETCATALOG_COMPILER_GENERATE_SWIFT_ASSET_SYMBOL_EXTENSIONS = YES;
				CLANG_ANALYZER_NONNULL = YES;
				CLANG_ANALYZER_NUMBER_OBJECT_CONVERSION = YES_AGGRESSIVE;
				CLANG_CXX_LANGUAGE_STANDARD = "gnu++20";
				CLANG_ENABLE_MODULES = YES;
				CLANG_ENABLE_OBJC_ARC = YES;
				CLANG_ENABLE_OBJC_WEAK = YES;
				CLANG_WARN_BLOCK_CAPTURE_AUTORELEASING = YES;
				CLANG_WARN_BOOL_CONVERSION = YES;
				CLANG_WARN_COMMA = YES;
				CLANG_WARN_CONSTANT_CONVERSION = YES;
				CLANG_WARN_DEPRECATED_OBJC_IMPLEMENTATIONS = YES;
				CLANG_WARN_DIRECT_OBJC_ISA_USAGE = YES_ERROR;
				CLANG_WARN_DOCUMENTATION_COMMENTS = YES;
				CLANG_WARN_EMPTY_BODY = YES;
				CLANG_WARN_ENUM_CONVERSION = YES;
				CLANG_WARN_INFINITE_RECURSION = YES;
				CLANG_WARN_INT_CONVERSION = YES;
				CLANG_WARN_NON_LITERAL_NULL_CONVERSION = YES;
				CLANG_WARN_OBJC_IMPLICIT_RETAIN_SELF = YES;
				CLANG_WARN_OBJC_LITERAL_CONVERSION = YES;
				CLANG_WARN_OBJC_ROOT_CLASS = YES_ERROR;
				CLANG_WARN_QUOTED_INCLUDE_IN_FRAMEWORK_HEADER = YES;
				CLANG_WARN_RANGE_LOOP_ANALYSIS = YES;
				CLANG_WARN_STRICT_PROTOTYPES = YES;
				CLANG_WARN_SUSPICIOUS_MOVE = YES;
				CLANG_WARN_UNGUARDED_AVAILABILITY = YES_AGGRESSIVE;
				CLANG_WARN_UNREACHABLE_CODE = YES;
				CLANG_WARN__DUPLICATE_METHOD_MATCH = YES;
				COPY_PHASE_STRIP = NO;
				DEBUG_INFORMATION_FORMAT = dwarf;
				ENABLE_STRICT_OBJC_MSGSEND = YES;
				ENABLE_TESTABILITY = YES;
				ENABLE_USER_SCRIPT_SANDBOXING = YES;
				GCC_C_LANGUAGE_STANDARD = gnu17;
				GCC_DYNAMIC_NO_PIC = NO;
				GCC_NO_COMMON_BLOCKS = YES;
				GCC_OPTIMIZATION_LEVEL = 0;
				GCC_PREPROCESSOR_DEFINITIONS = (
					"DEBUG=1",
					"$(inherited)",
				);
				GCC_WARN_64_TO_32_BIT_CONVERSION = YES;
				GCC_WARN_ABOUT_RETURN_TYPE = YES_ERROR;
				GCC_WARN_UNDECLARED_SELECTOR = YES;
				GCC_WARN_UNINITIALIZED_AUTOS = YES_AGGRESSIVE;
				GCC_WARN_UNUSED_FUNCTION = YES;
				GCC_WARN_UNUSED_VARIABLE = YES;
				IPHONEOS_DEPLOYMENT_TARGET = 15.0;
				LOCALIZATION_PREFERS_STRING_CATALOGS = YES;
				MTL_ENABLE_DEBUG_INFO = INCLUDE_SOURCE;
				MTL_FAST_MATH = YES;
				ONLY_ACTIVE_ARCH = YES;
				SDKROOT = iphoneos;
				SWIFT_ACTIVE_COMPILATION_CONDITIONS = "DEBUG $(inherited)";
				SWIFT_OPTIMIZATION_LEVEL = "-Onone";
			};
			name = Debug;
		};
		186541632AC4044F009BCE0F /* Release */ = {
			isa = XCBuildConfiguration;
			buildSettings = {
				ALWAYS_SEARCH_USER_PATHS = NO;
				ASSETCATALOG_COMPILER_GENERATE_SWIFT_ASSET_SYMBOL_EXTENSIONS = YES;
				CLANG_ANALYZER_NONNULL = YES;
				CLANG_ANALYZER_NUMBER_OBJECT_CONVERSION = YES_AGGRESSIVE;
				CLANG_CXX_LANGUAGE_STANDARD = "gnu++20";
				CLANG_ENABLE_MODULES = YES;
				CLANG_ENABLE_OBJC_ARC = YES;
				CLANG_ENABLE_OBJC_WEAK = YES;
				CLANG_WARN_BLOCK_CAPTURE_AUTORELEASING = YES;
				CLANG_WARN_BOOL_CONVERSION = YES;
				CLANG_WARN_COMMA = YES;
				CLANG_WARN_CONSTANT_CONVERSION = YES;
				CLANG_WARN_DEPRECATED_OBJC_IMPLEMENTATIONS = YES;
				CLANG_WARN_DIRECT_OBJC_ISA_USAGE = YES_ERROR;
				CLANG_WARN_DOCUMENTATION_COMMENTS = YES;
				CLANG_WARN_EMPTY_BODY = YES;
				CLANG_WARN_ENUM_CONVERSION = YES;
				CLANG_WARN_INFINITE_RECURSION = YES;
				CLANG_WARN_INT_CONVERSION = YES;
				CLANG_WARN_NON_LITERAL_NULL_CONVERSION = YES;
				CLANG_WARN_OBJC_IMPLICIT_RETAIN_SELF = YES;
				CLANG_WARN_OBJC_LITERAL_CONVERSION = YES;
				CLANG_WARN_OBJC_ROOT_CLASS = YES_ERROR;
				CLANG_WARN_QUOTED_INCLUDE_IN_FRAMEWORK_HEADER = YES;
				CLANG_WARN_RANGE_LOOP_ANALYSIS = YES;
				CLANG_WARN_STRICT_PROTOTYPES = YES;
				CLANG_WARN_SUSPICIOUS_MOVE = YES;
				CLANG_WARN_UNGUARDED_AVAILABILITY = YES_AGGRESSIVE;
				CLANG_WARN_UNREACHABLE_CODE = YES;
				CLANG_WARN__DUPLICATE_METHOD_MATCH = YES;
				COPY_PHASE_STRIP = NO;
				DEBUG_INFORMATION_FORMAT = "dwarf-with-dsym";
				ENABLE_NS_ASSERTIONS = NO;
				ENABLE_STRICT_OBJC_MSGSEND = YES;
				ENABLE_USER_SCRIPT_SANDBOXING = YES;
				GCC_C_LANGUAGE_STANDARD = gnu17;
				GCC_NO_COMMON_BLOCKS = YES;
				GCC_WARN_64_TO_32_BIT_CONVERSION = YES;
				GCC_WARN_ABOUT_RETURN_TYPE = YES_ERROR;
				GCC_WARN_UNDECLARED_SELECTOR = YES;
				GCC_WARN_UNINITIALIZED_AUTOS = YES_AGGRESSIVE;
				GCC_WARN_UNUSED_FUNCTION = YES;
				GCC_WARN_UNUSED_VARIABLE = YES;
				IPHONEOS_DEPLOYMENT_TARGET = 15.0;
				LOCALIZATION_PREFERS_STRING_CATALOGS = YES;
				MTL_ENABLE_DEBUG_INFO = NO;
				MTL_FAST_MATH = YES;
				SDKROOT = iphoneos;
				SWIFT_COMPILATION_MODE = wholemodule;
				VALIDATE_PRODUCT = YES;
			};
			name = Release;
		};
		186541652AC4044F009BCE0F /* Debug */ = {
			isa = XCBuildConfiguration;
			baseConfigurationReference = 804922FE77FC252A4CE56F00 /* Pods-WeatherApp.debug.xcconfig */;
			buildSettings = {
				ASSETCATALOG_COMPILER_APPICON_NAME = AppIcon;
				ASSETCATALOG_COMPILER_GLOBAL_ACCENT_COLOR_NAME = AccentColor;
				CODE_SIGN_STYLE = Automatic;
				CURRENT_PROJECT_VERSION = 1;
				DEVELOPMENT_ASSET_PATHS = "\"WeatherApp/Preview Content\"";
				DEVELOPMENT_TEAM = W2M37Q9VXH;
				ENABLE_PREVIEWS = YES;
				ENABLE_USER_SCRIPT_SANDBOXING = NO;
				GENERATE_INFOPLIST_FILE = YES;
				INFOPLIST_KEY_LSApplicationCategoryType = "public.app-category.weather";
				INFOPLIST_KEY_UIApplicationSceneManifest_Generation = YES;
				INFOPLIST_KEY_UIApplicationSupportsIndirectInputEvents = YES;
				INFOPLIST_KEY_UILaunchScreen_Generation = YES;
				INFOPLIST_KEY_UISupportedInterfaceOrientations_iPad = "UIInterfaceOrientationPortrait UIInterfaceOrientationPortraitUpsideDown UIInterfaceOrientationLandscapeLeft UIInterfaceOrientationLandscapeRight";
				INFOPLIST_KEY_UISupportedInterfaceOrientations_iPhone = "UIInterfaceOrientationPortrait UIInterfaceOrientationLandscapeLeft UIInterfaceOrientationLandscapeRight";
				IPHONEOS_DEPLOYMENT_TARGET = 15.0;
				LD_RUNPATH_SEARCH_PATHS = (
					"$(inherited)",
					"@executable_path/Frameworks",
				);
				MARKETING_VERSION = 1.0;
				PRODUCT_BUNDLE_IDENTIFIER = com.Khawar.Izza.WeatherApp;
				PRODUCT_NAME = "$(TARGET_NAME)";
				SWIFT_EMIT_LOC_STRINGS = YES;
				SWIFT_VERSION = 5.0;
				TARGETED_DEVICE_FAMILY = "1,2";
			};
			name = Debug;
		};
		186541662AC4044F009BCE0F /* Release */ = {
			isa = XCBuildConfiguration;
			baseConfigurationReference = EC57BD15C20A021CC4ED18B8 /* Pods-WeatherApp.release.xcconfig */;
			buildSettings = {
				ASSETCATALOG_COMPILER_APPICON_NAME = AppIcon;
				ASSETCATALOG_COMPILER_GLOBAL_ACCENT_COLOR_NAME = AccentColor;
				CODE_SIGN_STYLE = Automatic;
				CURRENT_PROJECT_VERSION = 1;
				DEVELOPMENT_ASSET_PATHS = "\"WeatherApp/Preview Content\"";
				DEVELOPMENT_TEAM = W2M37Q9VXH;
				ENABLE_PREVIEWS = YES;
				ENABLE_USER_SCRIPT_SANDBOXING = NO;
				GENERATE_INFOPLIST_FILE = YES;
				INFOPLIST_KEY_LSApplicationCategoryType = "public.app-category.weather";
				INFOPLIST_KEY_UIApplicationSceneManifest_Generation = YES;
				INFOPLIST_KEY_UIApplicationSupportsIndirectInputEvents = YES;
				INFOPLIST_KEY_UILaunchScreen_Generation = YES;
				INFOPLIST_KEY_UISupportedInterfaceOrientations_iPad = "UIInterfaceOrientationPortrait UIInterfaceOrientationPortraitUpsideDown UIInterfaceOrientationLandscapeLeft UIInterfaceOrientationLandscapeRight";
				INFOPLIST_KEY_UISupportedInterfaceOrientations_iPhone = "UIInterfaceOrientationPortrait UIInterfaceOrientationLandscapeLeft UIInterfaceOrientationLandscapeRight";
				IPHONEOS_DEPLOYMENT_TARGET = 15.0;
				LD_RUNPATH_SEARCH_PATHS = (
					"$(inherited)",
					"@executable_path/Frameworks",
				);
				MARKETING_VERSION = 1.0;
				"OTHER_SWIFT_FLAGS[arch=*]" = "-DCG_NUMERICS_SHOW_BACKTRACE";
				PRODUCT_BUNDLE_IDENTIFIER = com.Khawar.Izza.WeatherApp;
				PRODUCT_NAME = "$(TARGET_NAME)";
				SWIFT_EMIT_LOC_STRINGS = YES;
				SWIFT_VERSION = 5.0;
				TARGETED_DEVICE_FAMILY = "1,2";
			};
			name = Release;
		};
/* End XCBuildConfiguration section */

/* Begin XCConfigurationList section */
		186541512AC4044D009BCE0F /* Build configuration list for PBXProject "WeatherApp" */ = {
			isa = XCConfigurationList;
			buildConfigurations = (
				186541622AC4044F009BCE0F /* Debug */,
				186541632AC4044F009BCE0F /* Release */,
			);
			defaultConfigurationIsVisible = 0;
			defaultConfigurationName = Release;
		};
		186541642AC4044F009BCE0F /* Build configuration list for PBXNativeTarget "WeatherApp" */ = {
			isa = XCConfigurationList;
			buildConfigurations = (
				186541652AC4044F009BCE0F /* Debug */,
				186541662AC4044F009BCE0F /* Release */,
			);
			defaultConfigurationIsVisible = 0;
			defaultConfigurationName = Release;
		};
/* End XCConfigurationList section */

/* Begin XCVersionGroup section */
		187A858F2AC55BA80025338C /* Model.xcdatamodeld */ = {
			isa = XCVersionGroup;
			children = (
				187A85902AC55BA80025338C /* Model.xcdatamodel */,
			);
			currentVersion = 187A85902AC55BA80025338C /* Model.xcdatamodel */;
			path = Model.xcdatamodeld;
			sourceTree = "<group>";
			versionGroupType = wrapper.xcdatamodel;
		};
/* End XCVersionGroup section */
	};
	rootObject = 1865414E2AC4044D009BCE0F /* Project object */;
}
